QSDK_TOP_COMMIT=e1bc332529d3e4b0ef27173a8549a87ee7490878
QSDK_PACKAGES_COMMIT=fe5947b6e21b083f6858009b8a59c8fd153d896d
QSDK_LUCI_COMMIT=4b50d7975bd312fd0e5b28b95b67fb372cfa9da7
QSDK_BASE_CONFIG_SHA256=f6074aab89763c9a8bd95a49ebf6909efda4f4103d5aaadaecedf5ac07d9381a

DDNS_SCRIPTS_TREE=207907846fa278e5f6f72a1b788b29268350c2de
LUCI_APP_DDNS_TREE=f4a3b8c98cc380181f667061a59d725359147783
LUCI_LIB_IPKG_TREE=12c94eed2db131ffaea5cefc6aac19c24de48c92
OPENWRT_1907_DDNS_SCRIPTS_TREE=207907846fa278e5f6f72a1b788b29268350c2de
OPENWRT_1907_LUCI_APP_DDNS_TREE=f4a3b8c98cc380181f667061a59d725359147783

DDNS_MAKEFILE_SHA256=1034158cc14a446c96588b370fbe0048a11f1a83390c9a3dfb7ddb9e35d17b0f
DDNS_SERVICES4_SHA256=b56e4b3bddb29a621247becc10bc0165fa92c41573de5d6f6c2d82557c52ecea
DDNS_SERVICES6_SHA256=2d2d76b6ea61c732c7b3157dfb2328d580e5e6ef919ff5aa00ab652a56e6204f
DDNS_CLOUDFLARE_V4_SHA256=fb93ad7d6de603106ea907ee788ce760001678ae9165d4d674cae7535822df8c
LUCI_APP_DDNS_MAKEFILE_SHA256=7dde9a17d685042e2619f1bffc40cdf7438e3e6c165f8603b77acb262451c13e
LUCI_DDNS_ZH_HANS_SHA256=d44ac56a4b9981b1dafe6187dda8b3c165400f99f0841d92b7f154fcb893e9a3
LUCI_LIB_IPKG_MAKEFILE_SHA256=cedc529a08f109d39f581655e21c24f8ba7f6cf6a4d172a9a110d6627bc6c3b3

DDNS_SCRIPTS_VERSION=2.7.8-14
LUCI_APP_DDNS_VERSION=2.4.9-7
SOURCE_DATE_EPOCH=1725028544

BUILDER_IMAGE_REF=openwrt-builder@sha256:4e75f984bbb5113930da4eb328cc8eaf1c7f5e558a23be488f41f1ab28e1fac8
BUILDER_IMAGE_ID=sha256:4e75f984bbb5113930da4eb328cc8eaf1c7f5e558a23be488f41f1ab28e1fac8

STOCK_CURL_SHA256=dfcc17269e3ac01bc6a706428a7bdce0383dc99c0b6cbf51bd881b219f3ebaad
STOCK_CURL_VERSION=7.80.0
