# Shell assignments for the only netfilter userspace/kernel candidates allowed
# beside PassWall v2.  These are evaluation inputs, not release approval: the
# public QSDK kernel source is not the unavailable exact factory source.

QSDK_ROOT_COMMIT=e1bc332529d3e4b0ef27173a8549a87ee7490878
QSDK_ROOT_TREE=20a826eb7bfd2eec6c70a93d94c6fa1a5f282344
QSDK_BASELINE_CONFIG_SHA256=f6074aab89763c9a8bd95a49ebf6909efda4f4103d5aaadaecedf5ac07d9381a
QSDK_SOURCE_DATE_EPOCH=1725028544

IPTABLES_VERSION=1.8.3
IPTABLES_ARCHIVE=iptables-1.8.3.tar.bz2
IPTABLES_ARCHIVE_URL=https://netfilter.org/projects/iptables/files/iptables-1.8.3.tar.bz2
IPTABLES_ARCHIVE_SHA256=a23cac034181206b4545f4e7e730e76e08b5f3dd78771ba9645a6756de9cdd80
QSDK_IPTABLES_MAKEFILE_SHA256=cbe84f59ed3e4b7ed2a7870ce79f9e622e81b375602b729d6e1cb1d2b91ff608
QSDK_NETFILTER_MK_SHA256=31a748eca6485c7fe0cc494d7bffa395183ef7db9d9af9beb8008a3fb281fc95
QSDK_KERNEL_NETFILTER_MK_SHA256=d1b355ba17f4c01be624a43c643d6cb9de7b8f1c44a4699befd79652e79c6fae
QSDK_STRIP_KMOD_SHA256=6064028988966b035cbdfda7b2c36a68e2462a219ab33c4fcb96cca734a94123
PASSWALL_UDP_LOOKUP_COMPAT_SHA256=46578c0632d87732c5f68cdda5fb6dbb2edeb9767cb0e1c4147b675a13e8d5dd

FACTORY_KERNEL_RELEASE=5.4.213
FACTORY_KERNEL_VERMAGIC='5.4.213 SMP preempt mod_unload aarch64'
FACTORY_KERNEL_CONFIG_SHA256=12c217f2c327d62d55d941b269c8da492c34019de89fdb30c0530af2b7a4743f
PUBLIC_QSDK_KERNEL_COMMIT=d4b74ee3b5f65dcd6f26797eab957846ab03b3ad
PUBLIC_QSDK_KERNEL_TREE=75a6b201325880e6c2662988b9411d72c38bf264
PUBLIC_BASELINE_CONFIG_SHA256=2b10412681e11a140cd5d501405f2b2b1fcfa1d14485ca31371b7bc4089473ff
PASSWALL_CANDIDATE_CONFIG_SHA256=9f64f8c7ef0d26881de80d49c972ec0e1d8273884852fc87072b30682eb276af
PASSWALL_MODULE_SYMVERS_SHA256=d80263c6686369d9cebf60a9dcf50c1907a39d34e170a43a146f754df9f44d64
