# Machine-readable shell assignments for immutable upstream source objects.
PASSWALL_REPOSITORY=https://github.com/Openwrt-Passwall/openwrt-passwall
PASSWALL_TAG=26.9.9-1
PASSWALL_COMMIT=92714cdb2eb613fbab195f8b6005b9b1d9843294
PASSWALL_TREE=43933efdf78fdc737d7a4258d3f64aa126f0eef3
PASSWALL_COMMIT_EPOCH=1788883544
PASSWALL_ARCHIVE=openwrt-passwall-26.9.9-1.tar.gz
PASSWALL_ARCHIVE_URL=https://codeload.github.com/Openwrt-Passwall/openwrt-passwall/tar.gz/refs/tags/26.9.9-1
PASSWALL_ARCHIVE_SIZE=882522
PASSWALL_ARCHIVE_SHA256=36cd93255e5760f830fa972dc11a304f12dde9ce6ab32be64ebcca35651a819b
PASSWALL_MAKEFILE_SHA256=9e9f9c153d8b7fbe7ab8f84fe5041b905b2ea6d4d8e57fb408672c56a76aefce
PASSWALL_DEFAULT_SHA256=62d7570c51b16f9c7f221f2cb56e147ee0610cd5bc31dff33568dfab49a659b1

XRAY_REPOSITORY=https://github.com/XTLS/Xray-core
XRAY_TAG=v26.3.27
XRAY_COMMIT=d2758a023cd7f4174a5a5fa4ff66e487d4342ba0
XRAY_TREE=dbcb1d31713edfcf5860cf35feee0632e9117893
XRAY_COMMIT_EPOCH=1774633540
XRAY_ARCHIVE=Xray-core-v26.3.27.tar.gz
XRAY_ARCHIVE_URL=https://codeload.github.com/XTLS/Xray-core/tar.gz/refs/tags/v26.3.27
XRAY_ARCHIVE_SIZE=822756
XRAY_ARCHIVE_SHA256=992a4997e6bb846d11469435d687f99ef812fcde1e0a009bb8e95189ea20331d
XRAY_GOMOD_SHA256=59b6bcc54671552945b07780021177a137a1e85d4c32b374e9a49a68ae018749
XRAY_GOSUM_SHA256=73b6160af7e1cc8769d5a5911fb931e8f0659e967314e2748c83fe315c922d14

GO_VERSION=1.26.1
GO_ARCHIVE=go1.26.1.darwin-arm64.tar.gz
GO_ARCHIVE_URL=https://go.dev/dl/go1.26.1.darwin-arm64.tar.gz
GO_ARCHIVE_SHA256=353df43a7811ce284c8938b5f3c7df40b7bfb6f56cb165b150bc40b5e2dd541f
