# Reproducible, offline evidence lock for factory p25 symbol names and the
# structurally parsed PREL32 export table.  Neither is a running load-ABI claim.

VMLINUX_TO_ELF_COMMIT=19683fb95b29cd31362d49e6f48ab8368f96cbdf
VMLINUX_TO_ELF_TREE=57617e107c890f27e2016bf5fa6354d002dec01c
PEEWEE_WHEEL_FILENAME=peewee-4.0.1-py3-none-any.whl
PEEWEE_WHEEL_SHA256=10afaa02c9f6d0f2dfe0f5b9007075c985eb141ab740a8831e37be2a61b3595c
STOCK_P25_RAW_KERNEL_SHA256=08fb817e27d35073dc75e410396b142ef74f3c905064d98470600eda01ded69e
STOCK_P25_FIT_SHA256=852030dc9e5d0b9e56845efd3a8decbde6dd93a7d779c84230331e244bfbb1bf
STOCK_P25_KERNEL_LZMA_SHA256=c40784dbb6a4881d3a878fa249fcb6177b3f7790bb2bf764b7e356da6242a5b9
STOCK_P25_RECOVERED_ELF_SHA256=9a73871c266c102fb08237fff8834bf397ba6862f4ff0d6bf08059d453ceda4e
STOCK_P25_STATIC_KALLSYMS_SHA256=73890e4bfd9cf4c09f194d0b38d4176b0c00661341f9de57c8497a3c83a10e33
STOCK_P25_STATIC_KALLSYMS_LINES=30748
STOCK_P25_STATIC_KALLSYMS_UNIQUE_NAMES=30498
STOCK_P25_PREL32_EXPORT_TABLE_START=0x94ce80
STOCK_P25_PREL32_EXPORT_TABLE_END=0x965a50
STOCK_P25_PREL32_EXPORT_COUNT=8445
STOCK_P25_PREL32_GPL_TABLE_START=0x959fe4
STOCK_P25_PREL32_STRING_TABLE_START=0x965a5c
STOCK_P25_PREL32_STRING_TABLE_END=0x98e0b3
STOCK_P25_PREL32_EXPORT_TSV_SHA256=b8115b23e287e7819849e042e61716db11644144a276f346b119172a36927ad5

# These three files were extracted byte-for-byte from the locked factory P27
# SquashFS.  They supplement the inspection tree whose sparse-file handling
# left many .ko placeholders at size zero.
STOCK_P27_PARTITION_SHA256=8488a757a29b05ef66393b25504ddc3e9dcc82041c46e217949300a68ee4818c
STOCK_P27_X_TABLES_SHA256=0354215574a446478cd984ec8021dd2154e26069dd8d20ba39fdb8394e59b6a1
STOCK_P27_NF_DEFRAG_IPV4_SHA256=83f4a51c01e1815745128cd7b483ec7fe1bad6add47c5c3bc9ba9721827fdd55
STOCK_P27_NF_DEFRAG_IPV6_SHA256=5ee270934b4e4e070cdb961a3c13ef371871b09ae0ffe4bcf6fe66cb9f6eaab0
