QSDK_TOP_COMMIT=e1bc332529d3e4b0ef27173a8549a87ee7490878
QSDK_PACKAGES_COMMIT=fe5947b6e21b083f6858009b8a59c8fd153d896d
QSDK_BASE_CONFIG_SHA256=f6074aab89763c9a8bd95a49ebf6909efda4f4103d5aaadaecedf5ac07d9381a

COREUTILS_TREE=0aa2470f0a62ff1248c39e855d2daebb2aa10ba8
COREUTILS_MAKEFILE_SHA256=65902742fa5aee482b76837897cbaa91f4d84d2c54aa01d689f4cfea6cac00df
COREUTILS_PATCH_001_SHA256=b7dcc6aae00c50aff435701ae8eb2668a2a9409b432871a203ba160def31edea
COREUTILS_PATCH_002_SHA256=3f64074aa55405c6b13152fa7da42f4a4cf6329ded933e4d10bd1a4b87455fe8
COREUTILS_VERSION=8.32
COREUTILS_RELEASE=6
COREUTILS_ARCHIVE=coreutils-8.32.tar.xz
COREUTILS_ARCHIVE_SHA256=4458d8de7849df44ccab15e16b1548b285224dbba5f08fac070c1c0e0bcc4cfa
SOURCE_DATE_EPOCH=1725028544

# The locked coreutils recipe unconditionally enables ACL support. These two
# official feed packages are staged only while compiling and are not candidate
# runtime artifacts.
ATTR_TREE=888859e0175f0ecddfd154a07295a2da08d40e48
ATTR_MAKEFILE_SHA256=8ca6243d4a17130b32672d55fbb5ad40b16ffdb07b47a1e97ae975f317083d5b
ATTR_ARCHIVE=attr-2.4.48.tar.gz
ATTR_ARCHIVE_SHA256=095699f71230ace37e5bc680c6f9d15cf8e53eb38d00b2c46db5cc7e0712e5f3
ACL_TREE=46552979d26596acb3d1083673c533ddc228a09e
ACL_MAKEFILE_SHA256=bf7512b80a588ae3a64b55692ef93ba987ecae033bfffc08563fe0bfc011ffc4
ACL_ARCHIVE=acl-2.2.53.tar.gz
ACL_ARCHIVE_SHA256=9e905397ac10d06768c63edd0579c34b8431555f2ea8e8f2cee337b31f856805

TARGET_ARCH=aarch64_cortex-a73_neon-vfpv4
TOOLCHAIN_TRIPLE=aarch64-openwrt-linux-musl
TOOLCHAIN_GCC_VERSION=7.5.0
TARGET_LIBC=musl-1.1.24

BUILDER_IMAGE_REF=openwrt-builder@sha256:4e75f984bbb5113930da4eb328cc8eaf1c7f5e558a23be488f41f1ab28e1fac8
BUILDER_IMAGE_ID=sha256:4e75f984bbb5113930da4eb328cc8eaf1c7f5e558a23be488f41f1ab28e1fac8
