SOURCE_DATE_EPOCH=1789306787
LUCI_ORIGIN=https://git.openwrt.org/project/luci.git
LUCI_SHALLOW_SINCE=2026-08-01
LUCI_COMMIT=22e4e76524046e21bb57b7595dda658bd41313a4
LUCI_TREE=991ddd4186d1fbe0c4d092931dbf23cde8c7293a
LUCI_ARCHIVE=rpcd-mod-rrdns-22e4e76524046e21bb57b7595dda658bd41313a4.tar
LUCI_ARCHIVE_SHA256=6695c7ce165437505900cd77bf837a0e951692571da1ab3bec7836c59b7b0f75
RRDNS_PKG_VERSION=20170710
RRDNS_SOURCE_INTRODUCED_COMMIT=74affdf6f515073a881c0278fdb6cc5e15d97a6b
RRDNS_SOURCE_LAST_CHANGE_COMMIT=9c7e472edb207cb18a46fd191471dcdfc2645da0
RRDNS_PACKAGE_LAST_CHANGE_COMMIT=2e0a445ed5bf1af00f8b453358fd544844c8fd73
RRDNS_MAKEFILE_SHA256=773d219e749f7161525257696b4e68a9f3c1da9b3b1fbd28e9a6002147631133
RRDNS_CMAKE_SHA256=5a8f414c667907c49def53256e3c2e74d8c19cb52c2e1bc817d0ff0a6a909960
RRDNS_C_SHA256=a4be34e3cfe40198d2995241b5ec469f77949775db81c25222936234680681cc
RRDNS_H_SHA256=2d482e13e57f07b34b9d4172406f7e7bc8d4e3afdb0fe3267622158d62c047aa
RRDNS_ACL_SHA256=be0441526a4e288399f80f0f081722ddf188932a4bf33f3cbe7044f694036851
LUCI_LICENSE_SHA256=43070e2d4e532684de521b885f385d0841030efa2b1a20bafb76133a5e1379c1
LUCI_NOTICE_SHA256=0f815375cd41a2cd9f297bcd640eb174af287ba2f3ae0262382f4b0c3ee5c9f2
RRDNS_CMAKE_COMPAT_PATCH_SHA256=be7bc00c1ca358c6f9b20af58fd74e70ae816a352ef93b2bf3e217c6c2a1c86d
RRDNS_HARDENING_PATCH_SHA256=a59ee85433b3b0239f09645e5fab89e7319ba471d752b504cff4c7d8433c56ef
RRDNS_ABI_INCLUDE_PATCH_SHA256=301e5bccee0d5d51da0069c2bf77efbe85590c774ed43e4109bd6552607ef4a8
RRDNS_MINIMAL_ABI_HEADER_SHA256=1d7a5d0e0e2612ec6561b94efe5e487f98139c7293339eca87f038f2218991b0
RRDNS_PATCHED_C_SHA256=eb1d72fdaa3b68191617821ff34b7571c67a0b4b31de3f2440f688f376da9d31
QSDK_BASE_CONFIG_SHA256=f6074aab89763c9a8bd95a49ebf6909efda4f4103d5aaadaecedf5ac07d9381a
QSDK_RPCD_COMMIT=67c8a3fda26e441d3ec4a19f50ac72eca8deb14b
QSDK_RPCD_PLUGIN_H_SHA256=66caee7f53582767feecd451502004d85fe74df9bcb973196e99b454649c1999
QSDK_LIBUBOX_COMMIT=66195aee50424cbda0c2d858014e4cc58a2dc029
QSDK_LIBUBOX_ABI=20191228
QSDK_LIBUBUS_COMMIT=b32a0e17b37847e8357b53a358d1311bfc3ad5d2
QSDK_LIBUBUS_ABI=20210603
QSDK_LIBUBUS_H_SHA256=6538a55785742ddf712e5eb343b8f606869627366271eb30e098813e3765d5d2
