# Official LuCI source imported without modification.
UPSTREAM_URL=https://git.openwrt.org/project/luci.git
UPSTREAM_COMMIT=6dd22ec98da0b71f00caa5712456606adeff7811
UPSTREAM_TREE=2efe965986194b2b1a677a9448663224f0fef5b7
UPSTREAM_COMMIT_EPOCH=1591022183
UPSTREAM_MAKEFILE_SHA256=9fedd06d102ff8c43833168a90b991959322dc1971063d1b7b6cf713a8807257
UPSTREAM_VXLAN_JS_SHA256=619072b9dd5f8aa43779c2105b082f045d5e43d11a939473f764c1a89a812aac
UPSTREAM_VXLAN6_JS_SHA256=bf310f1ed4fda25732c0e4af39f452121ab0a00990cb92b5a92cedf2c0a130b5

# Locked target baseline and backend inputs.
QSDK_TOP_COMMIT=e1bc332529d3e4b0ef27173a8549a87ee7490878
QSDK_LUCI_COMMIT=4b50d7975bd312fd0e5b28b95b67fb372cfa9da7
QSDK_VXLAN_MAKEFILE_SHA256=1f5f6eeb833f43bf5c5f7002af5b03b0bfb3e9f6022611ebd07ddbecca3364b1
QSDK_VXLAN_BACKEND_SHA256=509a25d49034170c23c8afec9d690cf940a427af317e44aa27798354343a56cb
QSDK_NETSUPPORT_MK_SHA256=c818ae7aebe4b78802034a3e67632795bb2043b36c93033bf489257a32880339
QSDK_NETWORK_JS_SHA256=bea2d7e67919d5169986640f9eb5b1cc82be467f4c82b5a9d186ddc53b76f22d
QSDK_FORM_JS_SHA256=9f0684529554eb0f73fd577b113db121f2fb4694b95bda3ba19f272302e21331
QSDK_WIDGETS_JS_SHA256=2fe88bbf44589e86c46305454673d7c5bcbb491d890b8f9e485cb61ed47a0176

# Canonical LuCI version computed from the upstream commit timestamp/hash.
PACKAGE_VERSION=git-20.153.52583-6dd22ec-1
BUILDER_IMAGE_REF=openwrt-builder@sha256:4e75f984bbb5113930da4eb328cc8eaf1c7f5e558a23be488f41f1ab28e1fac8
