# Locked by qsdk/package/system/ubox/Makefile.
UBOX_SOURCE_DATE=2019-06-16
UBOX_SOURCE_VERSION=4df34a4d0d5183135217fc8280faae8e697147bc
QSDK_UBOX_PACKAGE_RELEASE=4
UBOX_ARCHIVE=ubox-2019-06-16-4df34a4d.tar.xz
UBOX_SOURCE_URL=https://sources.openwrt.org/ubox-2019-06-16-4df34a4d.tar.xz
UBOX_SHA256=a4064a1aa29cf612735b0da180f5bdee62304e907f57730482cad97b04f2b189
QSDK_LOG_INIT_SHA256=93193b6ea6be1fb2e26b4de344ba57ebf5c43a3bce0c89977e7417f80def39c0
