SOURCE_DATE_EPOCH=1678838158
LUCIHTTP_ARCHIVE=lucihttp-2023-03-15-9b5b683f.tar.xz
LUCIHTTP_ARCHIVE_SHA256=82698fcf1ac47b14ea44b26eccfb11596b6eda4e9f68d016405ebd8a66dc816e
LUCIHTTP_COMMIT=9b5b683fbb2bb0010aa031d620d0ab8105516757
LUCIHTTP_CMAKE_SHA256=a19f0ca621d5896cd5ce0041b9b27c94803eefb56f577bf66594f3fc02768140
LUCIHTTP_MULTIPART_SHA256=43bb7983e6e08177b82622ad8a7328101ee315dedabd115269b687cdc16ac4ee
LUCIHTTP_URLENCODED_SHA256=053eef8b6b128a863355ae2fd5242eb649952e75ba0d2061474257132d1e449b
LUCIHTTP_UTILS_SHA256=9b3feefed43a1408bfc3972e34f50cb37fbdd2ca3ea572489e41cdae498e52e0
LUCIHTTP_LUA_SHA256=00b8202a6453e671d86720afdf233460e4b47648c94d9283efe275ab5c14bef6
