# Locked 2026 core-userland source identities.  Archives are produced with
# `git archive --format=tar --prefix=NAME-COMMIT/ COMMIT`.  The uncompressed
# tar identity is byte-stable across the macOS verifier and Linux builder;
# gzip DEFLATE output is not guaranteed identical across implementations.

# Newest locked source commit time (PPP, 2026-09-10).  Every forced-clean
# build receives the same timestamp for deterministic package metadata.
SOURCE_DATE_EPOCH=1789005952

UHTTPD_ORIGIN=https://git.openwrt.org/project/uhttpd.git
UHTTPD_BRANCH=master
UHTTPD_COMMIT=373145f72c884c36a2b16f7f47e74ffae06bd754
UHTTPD_TREE=410cf690a49034033fedfe0c6f97664fe5f75aff
UHTTPD_ARCHIVE=uhttpd-373145f72c884c36a2b16f7f47e74ffae06bd754.tar
UHTTPD_SHA256=d8ceafa807d2ff4e8177bf5b850e415bff1ddfc9ea6f794c596b32fe6c4ecc59

RPCD_ORIGIN=https://git.openwrt.org/project/rpcd.git
RPCD_BRANCH=master
RPCD_COMMIT=e37ed9d814699098eb7e26c8b33c054840782dfb
RPCD_TREE=4637980ad1273eed7d395bd4d9de6d9f375e30ab
RPCD_ARCHIVE=rpcd-e37ed9d814699098eb7e26c8b33c054840782dfb.tar
RPCD_SHA256=062cb796890f6d92627038c2eb973c4082276da08356d85e754e590531174e40

ODHCPD_ORIGIN=https://git.openwrt.org/project/odhcpd.git
ODHCPD_BRANCH=master
ODHCPD_COMMIT=68f382690bfaec56d5b1f31c3c31c48bcb642e3a
ODHCPD_TREE=3603baa2a9ec57aae47aa26613498da7548c6c53
ODHCPD_ARCHIVE=odhcpd-68f382690bfaec56d5b1f31c3c31c48bcb642e3a.tar
ODHCPD_SHA256=8556be09c596a0e73b414e94bdca453d45cdc1acd7359c21175ce16cdcc033c0

# Factory userspace ABI header locks.  These are build-only inputs: the
# candidate IPKs keep runtime dependencies on the stock ABI packages and do
# not replace either shared library.
USTREAM_ORIGIN=https://git.openwrt.org/project/ustream-ssl.git
USTREAM_BRANCH=openwrt-19.07
USTREAM_COMMIT=40b563b1ea89dabb2b6cd90644908134a0c8eff2
USTREAM_TREE=6401fcd312ee0c1ef1d0f548920a9413656dd208
USTREAM_ARCHIVE=ustream-ssl-40b563b1ea89dabb2b6cd90644908134a0c8eff2.tar
USTREAM_SHA256=84850611341831c5851da7f48a88070c7d03047d865b2417be2df8b87e7c2cf6

IWINFO_ORIGIN=https://git.openwrt.org/project/iwinfo.git
IWINFO_BRANCH=master
IWINFO_COMMIT=07315b6fdb2566a8626d8a1e4de76eb30456fe17
IWINFO_TREE=0bbaf5066675df86ed8d9842f6c07ce9120339a1
IWINFO_ARCHIVE=iwinfo-07315b6fdb2566a8626d8a1e4de76eb30456fe17.tar
IWINFO_SHA256=68607b2f67d1f1eda6fd5fa4ae775123c832b5153a1768507918452e362517e6

STOCK_P27_SQUASHFS_SHA256=c2e57357159ab6b63ce2fb42ac44bcbcec2c056fe81f7b3a6e300b37d30696ce
STOCK_USTREAM_SSL_SHA256=c47da2e921766a81da6bb22f02a157b723b672a7882c6c110bd40d3e7a6d73ac
STOCK_IWINFO_IPK_SHA256=56a5eda878d2e305c1af63671db9efe6e76522a368dab0d2f05e1eff01b2f710
STOCK_IWINFO_SO_SHA256=54cf26c2214b1eabf52089c66b686db323192bb132635967110961b9031b5aa1

PPP_ORIGIN=https://github.com/ppp-project/ppp.git
PPP_BRANCH=master
PPP_COMMIT=2587a678e61e94b6366f1a3be020644668a97000
PPP_TREE=559c0b6c09d1335e9c3cecfe60c2456799a93204
PPP_ARCHIVE=ppp-2587a678e61e94b6366f1a3be020644668a97000.tar
PPP_SHA256=48cf073e1635d59a99bfaf28b820da672b649cf8405def81133f6df16f16a843
# The HEAD lock is an intentional descendant of the signed v2.5.3 tag.
PPP_BASE_TAG=v2.5.3
PPP_BASE_TAG_OBJECT=0cfdb73f20890547f18a973f240c0a8ed4313f37
PPP_BASE_COMMIT=4b02040f4838237ecd08852c77acd2c89c32f392

# Filled from the committed compatibility patches and checked before build.
UHTTPD_USTREAM_PATCH_SHA256=ac43c06faa164edaf1e06489156b65420de969cf3dc78b7c6851c40f4533c75d
RPCD_LIBUBOX_PATCH_SHA256=2d0e8ff2ecb9d720241496b6807e367e9af47574171dff4125992d8b50af57a5
RPCD_IWINFO_PATCH_SHA256=cf7e9e0359c2547d9d8bb2688eda237b60d1f3a0c595b289a7df19bd202543a4
RPCD_RPCSYS_PATCH_SHA256=c8f5576b60c5c2354279434e000327db695a820e3d4c25d1ba1a97869974e23f
RPCD_IWINFO_LINK_PATCH_SHA256=728c025999c700f783a40cd718529c803015294f01f2091aace5ee3586518a12
RPCD_QCA_SCAN_PATCH_SHA256=b6443c9e95342dc15c96276aea8ab902460c2ae92d80c5cb2b61e93a1372378a
ODHCPD_JSONC_PATCH_SHA256=5fc761c5d0672c2c5669d810db75e852deffb85e4a00d0b0a6de3cb6d3e675b9
ODHCPD_COMPAT_PATCH_SHA256=6e25d43eab9f8723c597524aa36a02e09a4d7b5f02f6d5dfc06138f5b26a04e1
PPP_MINIMAL_PATCH_SHA256=96920c52e4c03fd2adfebc4f4c2801a16e5a13093bbe7fe2513328dbd5aa355b
