SOURCE_DATE_EPOCH=1784596422
CGI_IO_ARCHIVE=cgi-io-31cb3c89f02d918d7f17bf62a80c852fc38a1ca1.tar
CGI_IO_ARCHIVE_SHA256=d4a5fa9ef499a62714d718ad4efb374d8161016f833ea36d7555fc6e11b98da6
CGI_IO_COMMIT=31cb3c89f02d918d7f17bf62a80c852fc38a1ca1
CGI_IO_DOWNLOAD_FIX=72990b7489872112df31c94032637c907760bae4
CGI_IO_EXEC_FIX=7314451cb99692c0862a70c3307ee08bd2fbd9c0
CGI_IO_POSTDECODE_FIX=31cb3c89f02d918d7f17bf62a80c852fc38a1ca1
CGI_IO_MAIN_SHA256=71843b08873eb7f8dc05fa76888ea91e8e66e8d160babba57a0b7008e83bc190
CGI_IO_UTIL_SHA256=20fe0522e6066728c5ab4fca92a726e7934fa7c0edeff94c0a046d1ba710363a
CGI_IO_CMAKE_SHA256=7c4acd9d7dca45bb0daa1698a26a4c80db0e93ddb9265ccdc6f7d8dd62ac1cfc
