SOURCE_DATE_EPOCH=1786896157

MTR_ORIGIN=https://github.com/traviscross/mtr.git
MTR_BRANCH=master
MTR_TAG=v0.96
MTR_TAG_OBJECT=22d46c5055edefff8e460e8441d01167d69634ca
MTR_COMMIT=f392168771570b0fdc104c38dea6bbc2ce585710
MTR_TREE=4c03319343c51a3b05ab4d2e82141115129828fe
MTR_ARCHIVE=mtr-f392168771570b0fdc104c38dea6bbc2ce585710.tar
MTR_ARCHIVE_SHA256=aa8c0d6b2099a91a653e010eb034b68b86fb40ba381c76d08e02865ae95e96b0
MTR_VERSION=0.96
MTR_RELEASE_BASE_URL=https://www.bitwizard.nl/mtr/files
MTR_RELEASE_ARCHIVE=mtr-0.96.tar.gz
MTR_RELEASE_SHA256=ffd19a9f8d5f616c1ea2f0da9fbf9d1239bcecdf5a68912e831966d20929037a
MTR_RELEASE_SIGNATURE_AVAILABLE=no

HTOP_ORIGIN=https://github.com/htop-dev/htop.git
HTOP_BRANCH=main
HTOP_TAG=3.5.3
HTOP_TAG_OBJECT=20882b8ef8271fb49ea0eb74bbfd484e9b0a11d8
HTOP_COMMIT=20882b8ef8271fb49ea0eb74bbfd484e9b0a11d8
HTOP_TREE=27864bf71cc927abb2b534db5f91569502e6ab38
HTOP_ARCHIVE=htop-20882b8ef8271fb49ea0eb74bbfd484e9b0a11d8.tar
HTOP_ARCHIVE_SHA256=b3f6beb5693136fcf865e272712ba8eb11048999dde52b658a86d16ef3fe563e
HTOP_VERSION=3.5.3
HTOP_LATEST_STABLE_VERIFIED_AT=2026-09-14
HTOP_RELEASE_URL=https://github.com/htop-dev/htop/releases/tag/3.5.3
HTOP_RELEASE_BASE_URL=https://github.com/htop-dev/htop/releases/download/3.5.3
HTOP_RELEASE_ARCHIVE=htop-3.5.3.tar.xz
HTOP_RELEASE_SHA256=a8b164386494cb85bb255a415a3f5f80afe7a0c4491da5d113b3a0f951087e65
HTOP_RELEASE_CHECKSUM=htop-3.5.3.tar.xz.sha256
HTOP_RELEASE_CHECKSUM_SHA256=fdc1dfbb7324ebe0e6b726f63e05c0e96002309da5c519c0bfc0bdfbe2565082
HTOP_RELEASE_SIGNATURE_AVAILABLE=no
HTOP_RELEASE_VERSION_PATCH_SHA256=c80eb69ea1b5b7dff65804ac91b67d986a42b889828bfc54a88d0f39c7e796f0

NANO_ORIGIN=https://https.git.savannah.gnu.org/git/nano.git
NANO_BRANCH=master
NANO_TAG=v9.2
NANO_TAG_OBJECT=e0d80787b8a4454580885fbb0e9ad15461b69dc7
NANO_COMMIT=8e6360d1663998c62ddd0cf934923d1f18004e3e
NANO_TREE=02d2df660adb55c34bb5bbd95bd7c1c22a081d03
NANO_ARCHIVE=nano-8e6360d1663998c62ddd0cf934923d1f18004e3e.tar
NANO_ARCHIVE_SHA256=f8a2d60592843d25a747d9596e1b9ea519b110bcae9b2052d8f5fa4ba8981f35
NANO_VERSION=9.2
NANO_RELEASE_BASE_URL=https://www.nano-editor.org/dist/v9
NANO_RELEASE_ARCHIVE=nano-9.2.tar.xz
NANO_RELEASE_SHA256=05ecb99247b782e8a5b3a25ed4101dd034b0236902f7449bc9795b717642f7e9
NANO_RELEASE_SIGNATURE=nano-9.2.tar.xz.asc
NANO_RELEASE_SIGNATURE_SHA256=8941e73067b64770a1cace1ccb6f161e2a3a3c0e872db65f16349444b3fabc38
NANO_SIGNER_FINGERPRINT=168E6F4297BFD7A79AFD4496514BBE2EB8E1961F
NANO_SIGNER_KEY=trusted-keys/nano-benno-schulenberg.asc
NANO_SIGNER_KEY_SHA256=583b897150b10c81ee586ce9986f936a999fb430d16b37936b68c38f7e1383e1
NANO_SIGNER_KEY_SOURCE=https://savannah.gnu.org/project/memberlist-gpgkeys.php?group=nano&download=1

QSDK_BASE_CONFIG_SHA256=f6074aab89763c9a8bd95a49ebf6909efda4f4103d5aaadaecedf5ac07d9381a
QSDK_NCURSES_VERSION=6.1
QSDK_NCURSES_ABI=6
QSDK_NCURSES_RECIPE_SHA256=1ef13a52cb4793e5e601210561cc8c666574967b89643dfb26c5cb36ad58af07
QSDK_STOCK_MTR_RECIPE_SHA256=c13a80f0bf80974478a5a285b0287847f1472ec6e59bf8a5e1cd4c819eac4486
QSDK_STOCK_HTOP_RECIPE_SHA256=2e3f4cab457a9eac09d71797784e5fbdf4075981e7682dd5cf322698ba6750bf
QSDK_STOCK_NANO_RECIPE_SHA256=25e4e2de7104ada0616b04c78be3d9256903c36fbaffdc7cbe9b8decee658a44
