SOURCE_DATE_EPOCH=1583583475
PROCD_COMMIT=09b9bd828981a4f9271f8906f7b6f5af04e1a6f9
PROCD_TREE=0bda42524f8aa9660862cf17806a571500be52fd
PROCD_ARCHIVE=procd-09b9bd828981a4f9271f8906f7b6f5af04e1a6f9.tar
PROCD_ARCHIVE_SHA256=28c383e9179ae364e609d537befa19dae54444fe8af49f84a9765bba4585bd60
PROCD_SYSTEM_C_SHA256=09418e5423174eb5bd8a41e2e4c55579d5eb9f3d25a86b0754bdde5ab1781ecd
PROCD_CMAKE_SHA256=d8a2e40cdbe0554fb5c99d5d8dbd7164750bb0bc641752b113031bc7d71642e4
QSDK_WATCHDOG_PATCH_COMMIT=de6b4c946dbd08ef4e0fbfa77ab84fd2edb8ea70
QSDK_WATCHDOG_PATCH_SHA256=b1f090fd37e83ae5c82456e9f527ffe1d5364fddba23404802d8ac90a530c3ac
QSDK_RUNQUEUE_PATCH_COMMIT=0d436f89f273499bf001582635747bc90e6a52dd9
QSDK_RUNQUEUE_PATCH_SHA256=6cc2b203a0b491061605c59f62de1ef73bae3a21e52a35042b6c764b3bb4dbc3
UPSTREAM_AARCH64_PATCH_COMMIT=2be57ed3fbee3ca61edf4e36e01a7ebece11fb28
UPSTREAM_AARCH64_PATCH_SHA256=1e433fe776a1a9bb25cab9d03090419a21938f3846d04b330000349d2217fc81
