cfed54f84af2252e03dce021693ebb26ff9573dd72471376b08bd7f14850fafc  package-overlay/sbe-ubus2022-security-candidate/patches/090-ubusd-event-null-data.patch
4df0f2b6b2bae3bd7e287eca22012bd90b0b0c21aad2e1bef1956ba5e66a9f57  package-overlay/sbe-ubus2022-security-candidate/patches/100-CVE-2025-62526-event-pattern-length.patch
b3f9a06b8d7af5d274fbb700afea244225663e8c15b7e171b29de591dea05d9a  package-overlay/sbe-ubus2022-security-candidate/patches/110-pattern-length-checks.patch
8c0a0b6cc14a985c7561edc2a62d54f4cf3217a014da25d8a9b1f743bd14723d  package-overlay/sbe-ubus2022-security-candidate/patches/120-event-listen-acl.patch
d53a6abefd2b3cb475da4f147a247afe164a72e8a80c92b1bfda324cb8ee757c  package-overlay/sbe-ubus2022-security-candidate/patches/130-libubus-shutdown-uloop-fd-delete.patch
ce00f748c92ad2f974a7ffeab8caad5e0d1f5e94965139f86fcc487e43801f6f  package-overlay/sbe-ubus2022-security-candidate/patches/140-libubus-close-deferred-request-fd.patch
6e3e44408cd3df102e8d537433adf3cb3f9f418032a07ec5e26178b60b7b6f25  package-overlay/sbe-ubus2022-security-candidate/patches/150-libubus-queue-msg-oom.patch
6e808b1793d643940568e84da1035dfb474abb298587c899acbac7007f378f74  package-overlay/sbe-ubus2022-security-candidate/patches/160-libubus-acl-stable-oom-state.patch
eef000d3a4d5fc9da16d0150a6a19ebc66a629bfed62b147b5cf6801a9323cdd  package-overlay/sbe-ubus2022-security-candidate/patches/170-ubusd-acl-object-oom.patch
8d05d4b9c5180538e2a8afbd6a4d2614828a873d5d849b3bf256ff98412088e3  package-overlay/sbe-ubus2022-security-candidate/patches/180-ubusd-client-credential-oom.patch
7756b5b695759eb43f30befec13df72e39574d82ee72987deeb0feec9571c070  package-overlay/sbe-ubus2022-security-candidate/patches/190-ubusd-acl-init-object-oom.patch
dc7053ce734aebe7456a24062f69249b0765705fb8060e5bbc366d77ee04dceb  package-overlay/sbe-ubus2022-security-candidate/patches/200-ubusd-event-send-oom.patch
ca5a6be60fe50de3b1030895d543f0606312f05de48c9861db5dfbbc2bbdd768  package-overlay/sbe-ubus2022-security-candidate/patches/210-ubusd-sighup-self-pipe.patch
22a20875fef5b745aa561272673a1df10ddac836db065e2821771c4daeb3d513  package-overlay/sbe-ubus2022-security-candidate/patches/220-ubusd-new-client-cleanup.patch
6e36a10ddca41a051295319d4bec3932ce0b1fb77949441dfa40a35f206274eb  package-overlay/sbe-ubus2022-security-candidate/patches/230-ubusd-watch-null-credentials.patch
d9314fcea42910571b2224950b6d5be4f94e314d75cf3116b21d996671cd71d5  package-overlay/sbe-ubus2022-security-candidate/patches/240-ubusd-retmsg-oom.patch
5b29729686d637a547ac6ef9a429d91d975926ed2984ed6a42256b0b24cb6911  package-overlay/sbe-ubus2022-security-candidate/patches/250-ubusd-monitor-oom.patch
70c41e8fd36cbe7afc987cf574207c67d3d9094d4de3902a2e7428f60d1f332b  package-overlay/sbe-ubus2022-security-candidate/patches/260-libubus-request-fd-ownership.patch
aa0f3c277c59eec76f2167747e4886a20e71897d8a5952a054693152646db15f  package-overlay/sbe-ubus2022-security-candidate/patches/270-libubus-message-fd-ownership.patch
a56e62455e62420b1a6fbb1b68ece19803debc56bbd4f16791999a012b4e92a7  package-overlay/sbe-ubus2022-security-candidate/patches/275-ubusd-tx-queue-accounting.patch
26150c33b2e5f99fbc47d975d806e41baf8ac1a80395210df98197d4d8f0ab90  package-overlay/sbe-ubus2022-security-candidate/patches/280-libubus-idempotent-shutdown.patch
e53a9e62e628dc2632d0d361a315cf469bdc6b754bb0a6d9a09b21d1bae02184  package-overlay/sbe-ubus2022-security-candidate/patches/290-ubusd-queue-ref-oom.patch
3fe095123bdfea70754892fe12891613967b7bd1cd36c78f63af95cac6b55ae0  package-overlay/sbe-ubus2022-security-candidate/patches/300-libubus-socket-cloexec.patch
479a5648295b02a9df641d1af77616d656fd80bd47a0ef8390cf71d16e3adfc0  package-overlay/sbe-ubus2022-security-candidate/patches/310-libubus-recv-fd-error-cleanup.patch
7d0e332514c091a795e52e9dbdfc2a992588b921d26f5b9de14bc2bd74cb7bcb  package-overlay/sbe-ubus2022-security-candidate/patches/320-libubus-reconnect-stale-fd.patch
8911256603bf7b0343dd0f80fb39e2e34ab88a437ed5e87788e0df9218619383  package-overlay/sbe-ubus2022-security-candidate/patches/330-ubusd-acl-size-t-allocation.patch
318e5ecdf08739fdd386dc490b01ded0c912990e44210f0b8857e382d8a122c9  package-overlay/sbe-ubus2022-security-candidate/patches/340-ubusd-length-types.patch
