SOURCE_DATE_EPOCH=1779497327
UBUS_BUILDER_IMAGE_REF=openwrt-builder@sha256:4e75f984bbb5113930da4eb328cc8eaf1c7f5e558a23be488f41f1ab28e1fac8
UBUS_BUILDER_IMAGE_ID=sha256:4e75f984bbb5113930da4eb328cc8eaf1c7f5e558a23be488f41f1ab28e1fac8
UBUS_ARCHIVE=ubus-2022-02-21-b32a0e17.tar.xz
UBUS_ARCHIVE_SHA256=fddf17b1faeb2ab09a3bed2e301a9cc83cb6ceb69af57cd58dc2132b58276f8b
UBUS_BASE_COMMIT=b32a0e17b37847e8357b53a358d1311bfc3ad5d2
UBUS_UPSTREAM_AUDIT_HEAD=24864e7840b3a02a9ef76284a373f6b2f00b8a9b
UBUS_LIBUBOX_SOURCE_COMMIT=66195aee50424cbda0c2d858014e4cc58a2dc029
UBUS_LIBUBOX_ARCHIVE=libubox-2020-05-25-66195aee.tar.xz
UBUS_LIBUBOX_ARCHIVE_SHA256=3d58def8e415ceda8aacfd8453813d8bf2a05991c0df0c074744639ab04321ba
UBUS_JSONC_ARCHIVE=json-c-0.12.1-nodoc.tar.gz
UBUS_JSONC_ARCHIVE_SHA256=5a617da9aade997938197ef0f8aabd7f97b670c216dc173977e1d56eef9e1291
UBUS_FIX_EVENT_LENGTH=d31effb4277bd557f5ccf16d909422718c1e49d0
UBUS_FIX_PATTERN_LENGTHS=aa4a7ee1d3417bc11207ad0a78d579ece7fe0c13
UBUS_FIX_EVENT_ACL=60e04048a0e2f3e33651c19e62861b41be4c290f
UBUS_PATCHSET_REVISION=2
UBUS_PATCH_COUNT=27
UBUS_COMPOSITE_SOURCE_REVISION=1ed9bb06dcae7f7306286884f65b3e286e197d9a5469afd720a3ef3a481dd751
UBUS_ABI_VERSION=20210603
UBUS_PACKAGE_VERSION=2022.02.21+sec2026.05.23
UBUS_PACKAGE_RELEASE=1
UBUS_PACKAGE_ARCH=aarch64_cortex-a73_neon-vfpv4
UBUS_PATCHED_LIBUBUS_SHA256=e243bc4566521d7b8826122fcdb125be407dcfb2ce9391fd30090a1245acaabc
UBUS_PATCHED_LIBUBUS_IO_SHA256=7227a6efcb7098f3c234075a89d706041c908d36e1a31e29e1c8e4f64c8a6ded
UBUS_PATCHED_LIBUBUS_REQ_SHA256=9b0aa040c0df68248f94c3e4468b8b69cc29b4f204b2fa78ea1ac02967704c87
UBUS_PATCHED_LIBUBUS_ACL_SHA256=3b5e0279e4e7a01c3ce6dd9cc1db87cb713d94bcc523b0474b947573676a4b7d
UBUS_PATCHED_DAEMON_SHA256=99f5e79f8b1330775cb44db18b79b33cdf60e49dbd5b4a99f9c81eaa1b07e0ab
UBUS_PATCHED_DAEMON_HEADER_SHA256=7031584b600c9c527984933dd4b0d698173a18fe8af2dabfb58404ee6ede745f
UBUS_PATCHED_ACL_SHA256=5ebcdadb683ea540bd8966fe48c0fd4c351b8872df4dbda6f49abe5a670a9ac9
UBUS_PATCHED_EVENT_SHA256=b6ffff2c5ab752bfc66e8929c27afeac2cbc91ffb16600145d553fbb8762d2ab
UBUS_PATCHED_MAIN_SHA256=04ce724564795cce230b0d3cec494815f6e62fdd5bdbc0b17cc85cb96c0b20d8
UBUS_PATCHED_MONITOR_SHA256=8e20596165b48ca9ecea4bbf7636bb00ee73a80a5785ec2fede9af05cbf5f71d
UBUS_PATCHED_OBJ_SHA256=dfd9a60b36e1ea42e17d8fade3bf4f939e48e48fdcf8d27a84fe8fb648eefb10
UBUS_PATCHED_PROTO_SHA256=a83ef33cd71848ba3db9f9860cdb6bb68f804a6b6e6ab69fae8c58eb1a68a57f
UBUS_FACTORY_LIB_SHA256=10e79804f112d0d314d69817590ec9165d65c6aca38620dd02c3fcea7be56a5a
UBUS_FACTORY_CLI_SHA256=e5b1a9bf6d1c77d160f534287947d05fbe7453f0dc1f83baa34b167ad0b04c03
UBUS_FACTORY_LIBUBOX_SHA256=6c0c616fa9aedbb8c4fadf8058ff4ee9dc52206c3d7f836af12403b330639910
UBUS_FACTORY_LIBC_SHA256=c77187f47132285adb52448923611e77b190997e64657a10cede6b1a10d991f3
UBUS_FACTORY_LIBGCC_SHA256=f9f546efede23c2a9ef423a4b7fe047ca755b10b8bfd6e2be1efaf3232b2d59d
UBUS_FACTORY_ROOTFS_SHA256=59c129047f8c7f143e06d0b995de0d8352297aebd3fe64ec47fbb06c74912555
UBUS_ROOTFS_BUILDER_IMAGE_REF=sbe1v1k-stock-rootfs-builder@sha256:6e138edf221cef3a47f893c04e7dd856b16f49d4446cb38de361325ad2eee8c5
UBUS_ROOTFS_BUILDER_IMAGE_ID=sha256:6e138edf221cef3a47f893c04e7dd856b16f49d4446cb38de361325ad2eee8c5
UBUS_RUNTIME_BINDING_IPK_SHA256=c6d173f5e33a87f4abc3f45028eb744d1659f92943d45033e51e4c748c471efb
UBUS_NATIVE_LIB_IPK_SHA256=59dbb8ad7d8e4c1acce21c6814a98b5687b897e3c85b29ea4db6b39d314c5eb5
UBUS_NATIVE_CLI_IPK_SHA256=96573acbc44c0e1fd760f85eb0ad4ef238c9a73f1c1ca55744c6fad2c59b8677
UBUS_NATIVE_DAEMON_IPK_SHA256=106a0a38665fe339fc84d0668990bfd7cda20aa16acb1a235557620079b75d4e
UBUS_COMPARISON_LUA_IPK_SHA256=514f0243711b9e5659140032b27d9715572cc6b09f0e275ed783ccd38ca6e383
UBUS_PROMOTION_MANIFEST_SHA256=072bbd696bf0a5488499d896bd46565fad05fc9b59e38d6e45de7013af1eb778
UBUS_PATCH_PROVENANCE_SHA256=359aa09b1d82da3bdd57b1cdcbe16b142e7d492f4013715137372b93dc09c812
