# sha256	patches/<filename>; every non-comment patches/series entry is mandatory.
44818c91524f69c1b6aeaa1c66a3712038978088ddef2f867af0bc9cddbf7469	patches/0001-luci-mod-system-fix-ssh-key-delete-xss.patch
5b950c96b405a31d5a58d17380c81ec89478de60acc18b08f34991b1c32083dd	patches/0002-qca-wireless-rpc-backend.patch
f915f8c957fdc1ff8c1c67d2113f940c4c0a9abfa5643b60805c99731aff129d	patches/0003-qca-native-wireless-ui.patch
14ed28d9fa369edcc8d5992a4e0ca37f53c14aa55ea362cc7d2f3996da8936dc	patches/0004-luci-mod-status-fix-realtime-graph-nan.patch
89e95b58a3f077e348113f97fbf78210f548f84d2cf4514f04f2a4e4a76e3f64	patches/0005-qca-wireless-country-selector.patch
7aaf444b6517f0245421df192f23a2dbbe8443df8691c3953c2af31b46615f4a	patches/0006-bootstrap-link-qsdk-source.patch
36f6baae875cdc45979f4778401b00eb396b62e2cb935259ac605c76fc3de3e0	patches/0007-qca-wireless-encryption-status.patch
159886d377c55631ced305e225872f999e6b2c26dcd5ffe7045f3bd6808b391a	patches/0008-luci-base-use-direct-ubus-endpoint.patch
8fc878b6a8bb16fee141a1181f166cd1dc752831a15051fa83323415791b5e0c	patches/0009-sbe-hardware-i18n.patch
94102218a8e4d36e6ce2fa33413f7fa2fb1ce6c5cc118e683ac506e83298c916	patches/0010-luci-mod-system-english-language-option.patch
a65aa2c9d935bc55f889a49eb2a3301aa8269e1e92ef4f20cbc881fa0e486de3	patches/0011-luci-client-regressions.patch
32b012449a566d066b3b5fec3433f6bb08d19514504aa3fd4009ed773dc89315	patches/0012-diagnostics-address-family.patch
