# sha256	path relative to the locked QSDK root
2640fc56a795f29d28ef15e13c34a47e223960b0240e8cb0a82d9b0738695333	dl/lua-5.1.5.tar.gz
fddf17b1faeb2ab09a3bed2e301a9cc83cb6ceb69af57cd58dc2132b58276f8b	dl/ubus-2022-02-21-b32a0e17.tar.xz
06f2801b103c359129c1675cbe5045c2cd04d756c2ab1efd2160608f34a27a8f	dl/uci-2019-09-01-415f9e48.tar.xz
924914a51b8a668779e41dc2f40adfc1ae51846ea8b013de3e45999b4d04eecd	dl/libiwinfo-2019-10-16-07315b6f.tar.xz

