# Locked source and build identities for the SBE1V1K LuCI maintenance set.
QSDK_TOP_COMMIT=e1bc332529d3e4b0ef27173a8549a87ee7490878
QSDK_LUCI_COMMIT=4b50d7975bd312fd0e5b28b95b67fb372cfa9da7
QSDK_BASE_CONFIG_SHA256=f6074aab89763c9a8bd95a49ebf6909efda4f4103d5aaadaecedf5ac07d9381a
BUILDER_IMAGE_REF=openwrt-builder@sha256:4e75f984bbb5113930da4eb328cc8eaf1c7f5e558a23be488f41f1ab28e1fac8
BUILDER_IMAGE_ID=sha256:4e75f984bbb5113930da4eb328cc8eaf1c7f5e558a23be488f41f1ab28e1fac8
SOURCE_DATE_EPOCH=1665376672
LUCI_PKG_VERSION=git-22.283.16672-4b50d79
LUCI_PKG_RELEASE=8
LUCI_BASE_PKG_RELEASE=8
LUCI_MOD_STATUS_PKG_RELEASE=8
LUCI_MOD_NETWORK_PKG_RELEASE=9
LUCI_GITBRANCH='LuCI QSDK SPF12.2CUS2 (4b50d79)'
LUCI_REALTIME_GRAPH_UPSTREAM_COMMIT=c6a5c809ed1fb050d257cf6273b8bc832babfa9b
LUCI_REALTIME_GRAPH_STABLE_BACKPORT=4243e21f1325f706313aea973c017d85ef8c876c
TARGET_ARCH=aarch64_cortex-a73_neon-vfpv4
PATCHSET_REVISION=14
