# sha256	path relative to the locked QSDK root
48162e63e77d009f5848f18a5cabffbdfc867d0e5e73c6d407f6af5d6880151b	dl/v1.0.0.tar.gz
3cf22bf495f274283ec11acb407c4fd94467eb3710b4b82faf7314e963df6158	staging_dir/host/bin/patchelf
430c235e23bff3392d199471f328674fe5e45bebe200b7a7ec1322a58ed3e198	staging_dir/host/bin/sed
b97b16f11aadb378a36fe1290f469ff0170cb567b7751ca3cff2ff7f92ffd5f8	staging_dir/host/bin/sstrip
69bc5c232c2b1658a278d6594fecd22c7f84b39a5a0e4ffc95a60405dca0c229	staging_dir/hostpkg/bin/csstidy
87edcb83f92d79fce574e82c73b10548566ea24b457655780497469070860313	staging_dir/hostpkg/bin/jsmin
681ac29901bad96fb95d734fd93f6ca4ae5ca918efc269727bfe9d4e411056ad	staging_dir/hostpkg/bin/luasrcdiet
590ac571de4156c7195faa8e8e018277362428f4d295e0248e7dea22a354b8fe	staging_dir/hostpkg/bin/po2lmo
de29d84833cea94dfb83a26c5e8fe500978e04ac73c1f821e41fdec51ff3e987	staging_dir/toolchain-aarch64_cortex-a73+neon-vfpv4_gcc-7.5.0_musl/bin/aarch64-openwrt-linux-musl-gcc
b3e9dfd8d7c684f9eb10c68576f2cf3975a66c60ce1b8df010fb28e1b2eba145	staging_dir/toolchain-aarch64_cortex-a73+neon-vfpv4_gcc-7.5.0_musl/bin/aarch64-openwrt-linux-musl-gcc-ar
1932966bf382a6faf358149c4e6831d0627dbe1545f0c872b36f9e075413f2b3	staging_dir/toolchain-aarch64_cortex-a73+neon-vfpv4_gcc-7.5.0_musl/bin/aarch64-openwrt-linux-musl-ld
173cfd182f61f48662865cb2cbd4e45b579a1b096d573bb0cc46f7da82d0efdb	staging_dir/toolchain-aarch64_cortex-a73+neon-vfpv4_gcc-7.5.0_musl/bin/aarch64-openwrt-linux-musl-nm
69c2cc0dc7aea11fca3b46fb41e1bc5c41ef65b0f00afd9cd436d8d703fdfba2	staging_dir/toolchain-aarch64_cortex-a73+neon-vfpv4_gcc-7.5.0_musl/bin/aarch64-openwrt-linux-musl-readelf
b4a3b618429d91e9fc13f78eaa4f57541875a9e33576f6cddf03f095614749f6	staging_dir/toolchain-aarch64_cortex-a73+neon-vfpv4_gcc-7.5.0_musl/bin/aarch64-openwrt-linux-musl-strip
ecbbcda373a6d6347cc9f17050f924571b1eb87248d03c77727e23a4d3f7419a	staging_dir/toolchain-aarch64_cortex-a73+neon-vfpv4_gcc-7.5.0_musl/lib/gcc/aarch64-openwrt-linux-musl/7.5.0/libgcc.a
b05e9a410246b40b8cee87ae77f0929bc0003f21026fee6c73a3047afe80ccca	staging_dir/toolchain-aarch64_cortex-a73+neon-vfpv4_gcc-7.5.0_musl/lib/libc.so
f0a17a43c74d2fe5474fa2fd29c8f14799e777d7d75a2cc4d11c20a6e7b161c5	staging_dir/toolchain-aarch64_cortex-a73+neon-vfpv4_gcc-7.5.0_musl/lib/libcrypt.a
93afb511914297c6f2019b63081b6e0a00a5ec0ca5b339370a3eec82a817791a	staging_dir/target-aarch64_cortex-a73+neon-vfpv4_musl/usr/include/iwinfo.h
6112ee825ceb41ea2dc365f123bfb73caa9f79b2f5e38dffa0feb7b2a4d54b80	staging_dir/target-aarch64_cortex-a73+neon-vfpv4_musl/usr/include/lauxlib.h
6538a55785742ddf712e5eb343b8f606869627366271eb30e098813e3765d5d2	staging_dir/target-aarch64_cortex-a73+neon-vfpv4_musl/usr/include/libubus.h
2315a139b5fa6d960d33d9487f22d297cee182ec2061be1765e186ca87e8baf3	staging_dir/target-aarch64_cortex-a73+neon-vfpv4_musl/usr/include/lua.h
86a79fbda105e4c52800b756f2342fb67ae170f978bb73da12b73e01264d4eb9	staging_dir/target-aarch64_cortex-a73+neon-vfpv4_musl/usr/include/luaconf.h
13f880e9dd997a0f7fd0b17ccd949c98f33e95bd120f084de66084e888217413	staging_dir/target-aarch64_cortex-a73+neon-vfpv4_musl/usr/include/lualib.h
0afec9560808fe9ab890da6edd3c72863973e46c73569051c30f495560e16937	staging_dir/target-aarch64_cortex-a73+neon-vfpv4_musl/usr/include/rpcd/plugin.h
fbd220e131c54ad4618bd8e76985bbd67cc2b45ac4e1c0bfa5bc107d0f1e7a81	staging_dir/target-aarch64_cortex-a73+neon-vfpv4_musl/usr/include/uci.h
