# filename<TAB>sha256
001-fix-non-x86-build.patch	7ce03d07cd84834fa2bf4009e3a9d7b573e985ded5d3950e835f95de73d65d6e
002-upstream-fix-hexdump.patch	b15279b40a40375cf9771e4a32a359364d4285d268b55d9d0bccd69849ab1f6b
003-hexdump-fix-regression-for-uint16-on-big-endian-systems.patch	041a4849a870a493be21e92a3c24b8100e358f98c88f1cc04677de0dc4bc7959
100-libbb-dump-fix-dumping-of-signed-values-without-expl.patch	9f13a1883792e015fd40acc7180e1f7d7813616617db54bb7537d5ca200eb6da
120-lto-jobserver.patch	6bf4da18ca8216a6d8b1a32edcecb225fc8a54a9aace4e92c4cb31484dd15c13
200-udhcpc_reduce_msgs.patch	d8a4041cb381daf50c98f4988f06117a57f5436f3d7c06a94c1a11cbd648347f
201-udhcpc_changed_ifindex.patch	42d3ad6e9b759d8b2c1c5565a07fde02beba574f813ba96a59acdb195e9604e1
210-add_netmsg_util.patch	6a6fd58e18fed1b958fec4aed6ec01125d84476d43a8029c217cb1cbafa164f9
220-add_lock_util.patch	b5697bdb80d596e0be43be04678276d347045e6b2465eb45d6d79f2df5c59d1b
270-libbb_make_unicode_printable.patch	6879e9fafb81b43688f265e48e011e6a30a904eb79414b2421c9be14263c86b3
301-ip-link-fix-netlink-msg-size.patch	63ada267fca3e9576bd5ff11751017a9b038468e488b9e09e97f6eb13d2d44f0
500-move-traceroute-applets-to-bin.patch	90731179cb1e4278c0de30f2531134a61ea53f7a838369e99e00caae48991d5d
510-move-passwd-applet-to-bin.patch	80fb3c26300c065befd14b248f7d4e409e031b8faa7e79813eeda707283254cf
520-loginutils-handle-crypt-failures.patch	56f2fab0be07c90c651e567e88cdc2a112688fd4689230a6d399445879c30dff
530-nslookup-ensure-unique-transaction-IDs-for-the-DNS-queries.patch	00560bda1e3a99fba1fa42290b74245be840786d6f78977113002e0e241c2a6e
600-loginutils-login.c-libselinux-get_default_context-ex.patch	e6cfe56d8c9261503b49e9835ab8c037115e879c24e98501f7410d448e654a90
