BUILDER_IMAGE_REF=openwrt-builder@sha256:4e75f984bbb5113930da4eb328cc8eaf1c7f5e558a23be488f41f1ab28e1fac8
BUILDER_IMAGE_ID=sha256:4e75f984bbb5113930da4eb328cc8eaf1c7f5e558a23be488f41f1ab28e1fac8
ROOTFS_BUILDER_IMAGE_REF=sbe1v1k-stock-rootfs-builder@sha256:6e138edf221cef3a47f893c04e7dd856b16f49d4446cb38de361325ad2eee8c5
ROOTFS_BUILDER_IMAGE_ID=sha256:6e138edf221cef3a47f893c04e7dd856b16f49d4446cb38de361325ad2eee8c5
SOURCE_DATE_EPOCH=1665376672
QSDK_GIT_COMMIT=e1bc332529d3e4b0ef27173a8549a87ee7490878
QSDK_CONFIG_SHA256=f6074aab89763c9a8bd95a49ebf6909efda4f4103d5aaadaecedf5ac07d9381a
QSDK_UCI_MAKEFILE_SHA256=5327b2dda8ec5a5d716219942e05512bc8f312d6987d55279c9d6800aa2ce572
QSDK_UCI_PATCH_001_SHA256=7aedf1e83ef88ac78e130f47015c373378d20bf77b6fefd1f946a3eddb02d817
QSDK_UCI_PATCH_002_SHA256=bdcf48472b4ed2a08076437c8f6ed26837b9c2467dea481019366e5bd72537d2
UCI_SOURCE_DATE=2019-09-01
UCI_SOURCE_COMMIT=415f9e48436d29f612348f58f546b3ad8d74ac38
UCI_ARCHIVE=uci-2019-09-01-415f9e48.tar.xz
UCI_ARCHIVE_SHA256=06f2801b103c359129c1675cbe5045c2cd04d756c2ab1efd2160608f34a27a8f
UCI_PACKAGE_RELEASE=5
UCI_ABI_VERSION=20130104
LIBUBOX_SOURCE_COMMIT=66195aee50424cbda0c2d858014e4cc58a2dc029
LIBUBOX_ARCHIVE=libubox-2020-05-25-66195aee.tar.xz
LIBUBOX_ARCHIVE_SHA256=3d58def8e415ceda8aacfd8453813d8bf2a05991c0df0c074744639ab04321ba
FACTORY_LIBUCI_SHA256=c8859907bc851744cdbfca0d36caead3436039a7e2d560f532722e710e402087
FACTORY_LIBUBOX_SHA256=6c0c616fa9aedbb8c4fadf8058ff4ee9dc52206c3d7f836af12403b330639910
FACTORY_LIBC_SHA256=c77187f47132285adb52448923611e77b190997e64657a10cede6b1a10d991f3
FACTORY_ROOTFS_SHA256=59c129047f8c7f143e06d0b995de0d8352297aebd3fe64ec47fbb06c74912555
FACTORY_OPKG_STATUS_SHA256=17be67a030f17facab77679ac83e50b2f6fc3923217964b64816a747e8ee0f9c
LIBUCI_LUA_CANDIDATE_SHA256=9c4d8faad1c55442a5323e428cd22bbe6308b7cbc969b3d18664518db9f94c21
UPSTREAM_UCI_AUDIT_HEAD=74f6277aabffc943d026f406df57c22595134c42
